
Microsoft Visual Studio Solution File, Format Version 12.00
# Visual Studio 15
VisualStudioVersion = 15.0.26730.16
MinimumVisualStudioVersion = 10.0.40219.1
Project("{2150E333-8FDC-42A3-9474-1A3956D46DE8}") = "src", "src", "{0F6E77C0-90F0-4593-89EA-4830EE7A3084}"
EndProject
Project("{2150E333-8FDC-42A3-9474-1A3956D46DE8}") = "test", "test", "{51EBAD3B-B475-4587-A6DE-2CCDDC1952F7}"
EndProject
Project("{9A19103F-16F7-4668-BE54-9A1E7A4F7556}") = "AI4E", "src\AI4E\AI4E.csproj", "{C4D18262-A854-4CC1-9020-16360200A7E1}"
EndProject
Project("{9A19103F-16F7-4668-BE54-9A1E7A4F7556}") = "AI4E.Abstractions", "src\AI4E.Abstractions\AI4E.Abstractions.csproj", "{FB360F6D-F333-4C6F-9412-8E4041D43E47}"
EndProject
Project("{9A19103F-16F7-4668-BE54-9A1E7A4F7556}") = "AI4E.Async", "src\AI4E.Async\AI4E.Async.csproj", "{CB1EE313-B4A2-4DEB-A0DF-1451EDF0D85F}"
EndProject
Project("{9A19103F-16F7-4668-BE54-9A1E7A4F7556}") = "AI4E.Modularity", "src\AI4E.Modularity\AI4E.Modularity.csproj", "{86A76288-2A27-447A-8A03-F52DB886B22F}"
EndProject
Project("{9A19103F-16F7-4668-BE54-9A1E7A4F7556}") = "AI4E.Modularity.Abstractions", "src\AI4E.Modularity.Abstractions\AI4E.Modularity.Abstractions.csproj", "{EF9CB87E-78AC-4EA2-9DB0-C83F5C8B6DA6}"
EndProject
Project("{9A19103F-16F7-4668-BE54-9A1E7A4F7556}") = "AI4E.Modularity.Host", "src\AI4E.Modularity.Host\AI4E.Modularity.Host.csproj", "{47A824BA-8E70-45FB-8AFC-ED48BEBFD14E}"
EndProject
Project("{9A19103F-16F7-4668-BE54-9A1E7A4F7556}") = "AI4E.Modularity.Host.Abstractions", "src\AI4E.Modularity.Host.Abstractions\AI4E.Modularity.Host.Abstractions.csproj", "{46ECB554-F69A-44E2-B510-C906834BC721}"
EndProject
Project("{9A19103F-16F7-4668-BE54-9A1E7A4F7556}") = "AI4E.Modularity.Module", "src\AI4E.Modularity.Module\AI4E.Modularity.Module.csproj", "{48D91561-1804-43FB-B3A1-FAD5BCE3E8FD}"
EndProject
Project("{9A19103F-16F7-4668-BE54-9A1E7A4F7556}") = "AI4E.Modularity.Module.Abstractions", "src\AI4E.Modularity.Module.Abstractions\AI4E.Modularity.Module.Abstractions.csproj", "{5D95A7E5-7900-4417-AD32-1D1A4D5C5C95}"
EndProject
Project("{9A19103F-16F7-4668-BE54-9A1E7A4F7556}") = "AI4E.Messaging.Test", "test\AI4E.Messaging.Test\AI4E.Messaging.Test.csproj", "{BD8C18DD-F092-45C5-8B0E-79BD33AE8DE6}"
EndProject
Project("{FAE04EC0-301F-11D3-BF4B-00C04F79EFBC}") = "AI4E.Modularity.Test.Minimal.Host", "test\AI4E.Modularity.Test.Minimal.Host\AI4E.Modularity.Test.Minimal.Host.csproj", "{EEBC3C1F-CB3D-45A6-B41A-DF4EFA4A494B}"
EndProject
Project("{FAE04EC0-301F-11D3-BF4B-00C04F79EFBC}") = "AI4E.Modularity.Test.Minimal.Module", "test\AI4E.Modularity.Test.Minimal.Module\AI4E.Modularity.Test.Minimal.Module.csproj", "{1DECEE25-EEB3-45EE-99AD-9158DF0E4698}"
EndProject
Global
	GlobalSection(SolutionConfigurationPlatforms) = preSolution
		Debug|Any CPU = Debug|Any CPU
		Release|Any CPU = Release|Any CPU
	EndGlobalSection
	GlobalSection(ProjectConfigurationPlatforms) = postSolution
		{C4D18262-A854-4CC1-9020-16360200A7E1}.Debug|Any CPU.ActiveCfg = Debug|Any CPU
		{C4D18262-A854-4CC1-9020-16360200A7E1}.Debug|Any CPU.Build.0 = Debug|Any CPU
		{C4D18262-A854-4CC1-9020-16360200A7E1}.Release|Any CPU.ActiveCfg = Release|Any CPU
		{C4D18262-A854-4CC1-9020-16360200A7E1}.Release|Any CPU.Build.0 = Release|Any CPU
		{FB360F6D-F333-4C6F-9412-8E4041D43E47}.Debug|Any CPU.ActiveCfg = Debug|Any CPU
		{FB360F6D-F333-4C6F-9412-8E4041D43E47}.Debug|Any CPU.Build.0 = Debug|Any CPU
		{FB360F6D-F333-4C6F-9412-8E4041D43E47}.Release|Any CPU.ActiveCfg = Release|Any CPU
		{FB360F6D-F333-4C6F-9412-8E4041D43E47}.Release|Any CPU.Build.0 = Release|Any CPU
		{CB1EE313-B4A2-4DEB-A0DF-1451EDF0D85F}.Debug|Any CPU.ActiveCfg = Debug|Any CPU
		{CB1EE313-B4A2-4DEB-A0DF-1451EDF0D85F}.Debug|Any CPU.Build.0 = Debug|Any CPU
		{CB1EE313-B4A2-4DEB-A0DF-1451EDF0D85F}.Release|Any CPU.ActiveCfg = Release|Any CPU
		{CB1EE313-B4A2-4DEB-A0DF-1451EDF0D85F}.Release|Any CPU.Build.0 = Release|Any CPU
		{86A76288-2A27-447A-8A03-F52DB886B22F}.Debug|Any CPU.ActiveCfg = Debug|Any CPU
		{86A76288-2A27-447A-8A03-F52DB886B22F}.Debug|Any CPU.Build.0 = Debug|Any CPU
		{86A76288-2A27-447A-8A03-F52DB886B22F}.Release|Any CPU.ActiveCfg = Release|Any CPU
		{86A76288-2A27-447A-8A03-F52DB886B22F}.Release|Any CPU.Build.0 = Release|Any CPU
		{EF9CB87E-78AC-4EA2-9DB0-C83F5C8B6DA6}.Debug|Any CPU.ActiveCfg = Debug|Any CPU
		{EF9CB87E-78AC-4EA2-9DB0-C83F5C8B6DA6}.Debug|Any CPU.Build.0 = Debug|Any CPU
		{EF9CB87E-78AC-4EA2-9DB0-C83F5C8B6DA6}.Release|Any CPU.ActiveCfg = Release|Any CPU
		{EF9CB87E-78AC-4EA2-9DB0-C83F5C8B6DA6}.Release|Any CPU.Build.0 = Release|Any CPU
		{47A824BA-8E70-45FB-8AFC-ED48BEBFD14E}.Debug|Any CPU.ActiveCfg = Debug|Any CPU
		{47A824BA-8E70-45FB-8AFC-ED48BEBFD14E}.Debug|Any CPU.Build.0 = Debug|Any CPU
		{47A824BA-8E70-45FB-8AFC-ED48BEBFD14E}.Release|Any CPU.ActiveCfg = Release|Any CPU
		{47A824BA-8E70-45FB-8AFC-ED48BEBFD14E}.Release|Any CPU.Build.0 = Release|Any CPU
		{46ECB554-F69A-44E2-B510-C906834BC721}.Debug|Any CPU.ActiveCfg = Debug|Any CPU
		{46ECB554-F69A-44E2-B510-C906834BC721}.Debug|Any CPU.Build.0 = Debug|Any CPU
		{46ECB554-F69A-44E2-B510-C906834BC721}.Release|Any CPU.ActiveCfg = Release|Any CPU
		{46ECB554-F69A-44E2-B510-C906834BC721}.Release|Any CPU.Build.0 = Release|Any CPU
		{48D91561-1804-43FB-B3A1-FAD5BCE3E8FD}.Debug|Any CPU.ActiveCfg = Debug|Any CPU
		{48D91561-1804-43FB-B3A1-FAD5BCE3E8FD}.Debug|Any CPU.Build.0 = Debug|Any CPU
		{48D91561-1804-43FB-B3A1-FAD5BCE3E8FD}.Release|Any CPU.ActiveCfg = Release|Any CPU
		{48D91561-1804-43FB-B3A1-FAD5BCE3E8FD}.Release|Any CPU.Build.0 = Release|Any CPU
		{5D95A7E5-7900-4417-AD32-1D1A4D5C5C95}.Debug|Any CPU.ActiveCfg = Debug|Any CPU
		{5D95A7E5-7900-4417-AD32-1D1A4D5C5C95}.Debug|Any CPU.Build.0 = Debug|Any CPU
		{5D95A7E5-7900-4417-AD32-1D1A4D5C5C95}.Release|Any CPU.ActiveCfg = Release|Any CPU
		{5D95A7E5-7900-4417-AD32-1D1A4D5C5C95}.Release|Any CPU.Build.0 = Release|Any CPU
		{BD8C18DD-F092-45C5-8B0E-79BD33AE8DE6}.Debug|Any CPU.ActiveCfg = Debug|Any CPU
		{BD8C18DD-F092-45C5-8B0E-79BD33AE8DE6}.Debug|Any CPU.Build.0 = Debug|Any CPU
		{BD8C18DD-F092-45C5-8B0E-79BD33AE8DE6}.Release|Any CPU.ActiveCfg = Release|Any CPU
		{BD8C18DD-F092-45C5-8B0E-79BD33AE8DE6}.Release|Any CPU.Build.0 = Release|Any CPU
		{EEBC3C1F-CB3D-45A6-B41A-DF4EFA4A494B}.Debug|Any CPU.ActiveCfg = Debug|Any CPU
		{EEBC3C1F-CB3D-45A6-B41A-DF4EFA4A494B}.Debug|Any CPU.Build.0 = Debug|Any CPU
		{EEBC3C1F-CB3D-45A6-B41A-DF4EFA4A494B}.Release|Any CPU.ActiveCfg = Release|Any CPU
		{EEBC3C1F-CB3D-45A6-B41A-DF4EFA4A494B}.Release|Any CPU.Build.0 = Release|Any CPU
		{1DECEE25-EEB3-45EE-99AD-9158DF0E4698}.Debug|Any CPU.ActiveCfg = Debug|Any CPU
		{1DECEE25-EEB3-45EE-99AD-9158DF0E4698}.Debug|Any CPU.Build.0 = Debug|Any CPU
		{1DECEE25-EEB3-45EE-99AD-9158DF0E4698}.Release|Any CPU.ActiveCfg = Release|Any CPU
		{1DECEE25-EEB3-45EE-99AD-9158DF0E4698}.Release|Any CPU.Build.0 = Release|Any CPU
	EndGlobalSection
	GlobalSection(SolutionProperties) = preSolution
		HideSolutionNode = FALSE
	EndGlobalSection
	GlobalSection(NestedProjects) = preSolution
		{C4D18262-A854-4CC1-9020-16360200A7E1} = {0F6E77C0-90F0-4593-89EA-4830EE7A3084}
		{FB360F6D-F333-4C6F-9412-8E4041D43E47} = {0F6E77C0-90F0-4593-89EA-4830EE7A3084}
		{CB1EE313-B4A2-4DEB-A0DF-1451EDF0D85F} = {0F6E77C0-90F0-4593-89EA-4830EE7A3084}
		{86A76288-2A27-447A-8A03-F52DB886B22F} = {0F6E77C0-90F0-4593-89EA-4830EE7A3084}
		{EF9CB87E-78AC-4EA2-9DB0-C83F5C8B6DA6} = {0F6E77C0-90F0-4593-89EA-4830EE7A3084}
		{47A824BA-8E70-45FB-8AFC-ED48BEBFD14E} = {0F6E77C0-90F0-4593-89EA-4830EE7A3084}
		{46ECB554-F69A-44E2-B510-C906834BC721} = {0F6E77C0-90F0-4593-89EA-4830EE7A3084}
		{48D91561-1804-43FB-B3A1-FAD5BCE3E8FD} = {0F6E77C0-90F0-4593-89EA-4830EE7A3084}
		{5D95A7E5-7900-4417-AD32-1D1A4D5C5C95} = {0F6E77C0-90F0-4593-89EA-4830EE7A3084}
		{BD8C18DD-F092-45C5-8B0E-79BD33AE8DE6} = {51EBAD3B-B475-4587-A6DE-2CCDDC1952F7}
		{EEBC3C1F-CB3D-45A6-B41A-DF4EFA4A494B} = {51EBAD3B-B475-4587-A6DE-2CCDDC1952F7}
		{1DECEE25-EEB3-45EE-99AD-9158DF0E4698} = {51EBAD3B-B475-4587-A6DE-2CCDDC1952F7}
	EndGlobalSection
	GlobalSection(ExtensibilityGlobals) = postSolution
		SolutionGuid = {5D718ACF-C9D8-4E4A-BBA7-AD3A525FE8B8}
	EndGlobalSection
EndGlobal
